
Microsoft Visual Studio Solution File, Format Version 12.00
# Visual Studio Version 17
VisualStudioVersion = 17.9.34607.119
MinimumVisualStudioVersion = 10.0.40219.1
Project("{FAE04EC0-301F-11D3-BF4B-00C04F79EFBC}") = "4_islem_hesapM", "4_islem_hesapM\4_islem_hesapM.csproj", "{C1085E3C-E0A4-4ECA-8F55-6FDE95DF6383}"
EndProject
Global
	GlobalSection(SolutionConfigurationPlatforms) = preSolution
		Debug|Any CPU = Debug|Any CPU
		Release|Any CPU = Release|Any CPU
	EndGlobalSection
	GlobalSection(ProjectConfigurationPlatforms) = postSolution
		{C1085E3C-E0A4-4ECA-8F55-6FDE95DF6383}.Debug|Any CPU.ActiveCfg = Debug|Any CPU
		{C1085E3C-E0A4-4ECA-8F55-6FDE95DF6383}.Debug|Any CPU.Build.0 = Debug|Any CPU
		{C1085E3C-E0A4-4ECA-8F55-6FDE95DF6383}.Release|Any CPU.ActiveCfg = Release|Any CPU
		{C1085E3C-E0A4-4ECA-8F55-6FDE95DF6383}.Release|Any CPU.Build.0 = Release|Any CPU
	EndGlobalSection
	GlobalSection(SolutionProperties) = preSolution
		HideSolutionNode = FALSE
	EndGlobalSection
	GlobalSection(ExtensibilityGlobals) = postSolution
		SolutionGuid = {65424146-B4B3-4654-8E15-26FCCF94DCBF}
	EndGlobalSection
EndGlobal
